// !$*UTF8*$!
{
	archiveVersion = 1;
	classes = {
	};
	objectVersion = 46;
	objects = {

/* Begin PBXBuildFile section */
		D60CEF441E82165B00C410EA /* LargerImgViewController.swift in Sources */ = {isa = PBXBuildFile; fileRef = D60CEF431E82165B00C410EA /* LargerImgViewController.swift */; };
		D60CEF461E82168B00C410EA /* LargerCollectionViewCell.swift in Sources */ = {isa = PBXBuildFile; fileRef = D60CEF451E82168B00C410EA /* LargerCollectionViewCell.swift */; };
		D65B52271E811864007E1A1A /* AppDelegate.swift in Sources */ = {isa = PBXBuildFile; fileRef = D65B52261E811864007E1A1A /* AppDelegate.swift */; };
		D65B52291E811865007E1A1A /* ViewController.swift in Sources */ = {isa = PBXBuildFile; fileRef = D65B52281E811865007E1A1A /* ViewController.swift */; };
		D65B522C1E811865007E1A1A /* Main.storyboard in Resources */ = {isa = PBXBuildFile; fileRef = D65B522A1E811865007E1A1A /* Main.storyboard */; };
		D65B522E1E811866007E1A1A /* Assets.xcassets in Resources */ = {isa = PBXBuildFile; fileRef = D65B522D1E811866007E1A1A /* Assets.xcassets */; };
		D65B52311E811866007E1A1A /* LaunchScreen.storyboard in Resources */ = {isa = PBXBuildFile; fileRef = D65B522F1E811866007E1A1A /* LaunchScreen.storyboard */; };
		D65B52411E811E2D007E1A1A /* 1.png in Resources */ = {isa = PBXBuildFile; fileRef = D65B52391E811E2D007E1A1A /* 1.png */; };
		D65B52421E811E2D007E1A1A /* 2.png in Resources */ = {isa = PBXBuildFile; fileRef = D65B523A1E811E2D007E1A1A /* 2.png */; };
		D65B52431E811E2D007E1A1A /* 3.png in Resources */ = {isa = PBXBuildFile; fileRef = D65B523B1E811E2D007E1A1A /* 3.png */; };
		D65B52441E811E2D007E1A1A /* 4.png in Resources */ = {isa = PBXBuildFile; fileRef = D65B523C1E811E2D007E1A1A /* 4.png */; };
		D65B52451E811E2D007E1A1A /* 5.png in Resources */ = {isa = PBXBuildFile; fileRef = D65B523D1E811E2D007E1A1A /* 5.png */; };
		D65B52461E811E2D007E1A1A /* 6.png in Resources */ = {isa = PBXBuildFile; fileRef = D65B523E1E811E2D007E1A1A /* 6.png */; };
		D65B52471E811E2D007E1A1A /* 7.png in Resources */ = {isa = PBXBuildFile; fileRef = D65B523F1E811E2D007E1A1A /* 7.png */; };
		D65B52481E811E2D007E1A1A /* 8.png in Resources */ = {isa = PBXBuildFile; fileRef = D65B52401E811E2D007E1A1A /* 8.png */; };
		D65B524A1E811E6E007E1A1A /* RootViewController.swift in Sources */ = {isa = PBXBuildFile; fileRef = D65B52491E811E6E007E1A1A /* RootViewController.swift */; };
		D65B524E1E812373007E1A1A /* Func+Extension.swift in Sources */ = {isa = PBXBuildFile; fileRef = D65B524D1E812373007E1A1A /* Func+Extension.swift */; };
		D65B52501E812446007E1A1A /* CollectionViewController.swift in Sources */ = {isa = PBXBuildFile; fileRef = D65B524F1E812446007E1A1A /* CollectionViewController.swift */; };
		D65B52561E812DDD007E1A1A /* ImgCollectionViewCell.swift in Sources */ = {isa = PBXBuildFile; fileRef = D65B52551E812DDD007E1A1A /* ImgCollectionViewCell.swift */; };
/* End PBXBuildFile section */

/* Begin PBXFileReference section */
		D60CEF431E82165B00C410EA /* LargerImgViewController.swift */ = {isa = PBXFileReference; fileEncoding = 4; lastKnownFileType = sourcecode.swift; path = LargerImgViewController.swift; sourceTree = "<group>"; };
		D60CEF451E82168B00C410EA /* LargerCollectionViewCell.swift */ = {isa = PBXFileReference; fileEncoding = 4; lastKnownFileType = sourcecode.swift; path = LargerCollectionViewCell.swift; sourceTree = "<group>"; };
		D65B52231E811864007E1A1A /* LargerIMG.app */ = {isa = PBXFileReference; explicitFileType = wrapper.application; includeInIndex = 0; path = LargerIMG.app; sourceTree = BUILT_PRODUCTS_DIR; };
		D65B52261E811864007E1A1A /* AppDelegate.swift */ = {isa = PBXFileReference; lastKnownFileType = sourcecode.swift; path = AppDelegate.swift; sourceTree = "<group>"; };
		D65B52281E811865007E1A1A /* ViewController.swift */ = {isa = PBXFileReference; lastKnownFileType = sourcecode.swift; path = ViewController.swift; sourceTree = "<group>"; };
		D65B522B1E811865007E1A1A /* Base */ = {isa = PBXFileReference; lastKnownFileType = file.storyboard; name = Base; path = Base.lproj/Main.storyboard; sourceTree = "<group>"; };
		D65B522D1E811866007E1A1A /* Assets.xcassets */ = {isa = PBXFileReference; lastKnownFileType = folder.assetcatalog; path = Assets.xcassets; sourceTree = "<group>"; };
		D65B52301E811866007E1A1A /* Base */ = {isa = PBXFileReference; lastKnownFileType = file.storyboard; name = Base; path = Base.lproj/LaunchScreen.storyboard; sourceTree = "<group>"; };
		D65B52321E811866007E1A1A /* Info.plist */ = {isa = PBXFileReference; lastKnownFileType = text.plist.xml; path = Info.plist; sourceTree = "<group>"; };
		D65B52391E811E2D007E1A1A /* 1.png */ = {isa = PBXFileReference; lastKnownFileType = image.png; path = 1.png; sourceTree = "<group>"; };
		D65B523A1E811E2D007E1A1A /* 2.png */ = {isa = PBXFileReference; lastKnownFileType = image.png; path = 2.png; sourceTree = "<group>"; };
		D65B523B1E811E2D007E1A1A /* 3.png */ = {isa = PBXFileReference; lastKnownFileType = image.png; path = 3.png; sourceTree = "<group>"; };
		D65B523C1E811E2D007E1A1A /* 4.png */ = {isa = PBXFileReference; lastKnownFileType = image.png; path = 4.png; sourceTree = "<group>"; };
		D65B523D1E811E2D007E1A1A /* 5.png */ = {isa = PBXFileReference; lastKnownFileType = image.png; path = 5.png; sourceTree = "<group>"; };
		D65B523E1E811E2D007E1A1A /* 6.png */ = {isa = PBXFileReference; lastKnownFileType = image.png; path = 6.png; sourceTree = "<group>"; };
		D65B523F1E811E2D007E1A1A /* 7.png */ = {isa = PBXFileReference; lastKnownFileType = image.png; path = 7.png; sourceTree = "<group>"; };
		D65B52401E811E2D007E1A1A /* 8.png */ = {isa = PBXFileReference; lastKnownFileType = image.png; path = 8.png; sourceTree = "<group>"; };
		D65B52491E811E6E007E1A1A /* RootViewController.swift */ = {isa = PBXFileReference; fileEncoding = 4; lastKnownFileType = sourcecode.swift; path = RootViewController.swift; sourceTree = "<group>"; };
		D65B524D1E812373007E1A1A /* Func+Extension.swift */ = {isa = PBXFileReference; fileEncoding = 4; lastKnownFileType = sourcecode.swift; path = "Func+Extension.swift"; sourceTree = "<group>"; };
		D65B524F1E812446007E1A1A /* CollectionViewController.swift */ = {isa = PBXFileReference; fileEncoding = 4; lastKnownFileType = sourcecode.swift; path = CollectionViewController.swift; sourceTree = "<group>"; };
		D65B52551E812DDD007E1A1A /* ImgCollectionViewCell.swift */ = {isa = PBXFileReference; fileEncoding = 4; lastKnownFileType = sourcecode.swift; path = ImgCollectionViewCell.swift; sourceTree = "<group>"; };
/* End PBXFileReference section */

/* Begin PBXFrameworksBuildPhase section */
		D65B52201E811864007E1A1A /* Frameworks */ = {
			isa = PBXFrameworksBuildPhase;
			buildActionMask = 2147483647;
			files = (
			);
			runOnlyForDeploymentPostprocessing = 0;
		};
/* End PBXFrameworksBuildPhase section */

/* Begin PBXGroup section */
		D65B521A1E811863007E1A1A = {
			isa = PBXGroup;
			children = (
				D65B52251E811864007E1A1A /* LargerIMG */,
				D65B52241E811864007E1A1A /* Products */,
			);
			sourceTree = "<group>";
		};
		D65B52241E811864007E1A1A /* Products */ = {
			isa = PBXGroup;
			children = (
				D65B52231E811864007E1A1A /* LargerIMG.app */,
			);
			name = Products;
			sourceTree = "<group>";
		};
		D65B52251E811864007E1A1A /* LargerIMG */ = {
			isa = PBXGroup;
			children = (
				D65B52381E811E22007E1A1A /* imgs */,
				D65B52261E811864007E1A1A /* AppDelegate.swift */,
				D65B524C1E81234C007E1A1A /* Ext */,
				D65B52491E811E6E007E1A1A /* RootViewController.swift */,
				D65B524F1E812446007E1A1A /* CollectionViewController.swift */,
				D65B52551E812DDD007E1A1A /* ImgCollectionViewCell.swift */,
				D60CEF431E82165B00C410EA /* LargerImgViewController.swift */,
				D60CEF451E82168B00C410EA /* LargerCollectionViewCell.swift */,
				D65B52281E811865007E1A1A /* ViewController.swift */,
				D65B522A1E811865007E1A1A /* Main.storyboard */,
				D65B522D1E811866007E1A1A /* Assets.xcassets */,
				D65B522F1E811866007E1A1A /* LaunchScreen.storyboard */,
				D65B52321E811866007E1A1A /* Info.plist */,
			);
			path = LargerIMG;
			sourceTree = "<group>";
		};
		D65B52381E811E22007E1A1A /* imgs */ = {
			isa = PBXGroup;
			children = (
				D65B52391E811E2D007E1A1A /* 1.png */,
				D65B523A1E811E2D007E1A1A /* 2.png */,
				D65B523B1E811E2D007E1A1A /* 3.png */,
				D65B523C1E811E2D007E1A1A /* 4.png */,
				D65B523D1E811E2D007E1A1A /* 5.png */,
				D65B523E1E811E2D007E1A1A /* 6.png */,
				D65B523F1E811E2D007E1A1A /* 7.png */,
				D65B52401E811E2D007E1A1A /* 8.png */,
			);
			name = imgs;
			sourceTree = "<group>";
		};
		D65B524C1E81234C007E1A1A /* Ext */ = {
			isa = PBXGroup;
			children = (
				D65B524D1E812373007E1A1A /* Func+Extension.swift */,
			);
			name = Ext;
			sourceTree = "<group>";
		};
/* End PBXGroup section */

/* Begin PBXNativeTarget section */
		D65B52221E811864007E1A1A /* LargerIMG */ = {
			isa = PBXNativeTarget;
			buildConfigurationList = D65B52351E811866007E1A1A /* Build configuration list for PBXNativeTarget "LargerIMG" */;
			buildPhases = (
				D65B521F1E811864007E1A1A /* Sources */,
				D65B52201E811864007E1A1A /* Frameworks */,
				D65B52211E811864007E1A1A /* Resources */,
			);
			buildRules = (
			);
			dependencies = (
			);
			name = LargerIMG;
			productName = LargerIMG;
			productReference = D65B52231E811864007E1A1A /* LargerIMG.app */;
			productType = "com.apple.product-type.application";
		};
/* End PBXNativeTarget section */

/* Begin PBXProject section */
		D65B521B1E811863007E1A1A /* Project object */ = {
			isa = PBXProject;
			attributes = {
				LastSwiftUpdateCheck = 0820;
				LastUpgradeCheck = 0820;
				ORGANIZATIONNAME = sqluo;
				TargetAttributes = {
					D65B52221E811864007E1A1A = {
						CreatedOnToolsVersion = 8.2.1;
						DevelopmentTeam = NP7D9SC777;
						ProvisioningStyle = Automatic;
					};
				};
			};
			buildConfigurationList = D65B521E1E811863007E1A1A /* Build configuration list for PBXProject "LargerIMG" */;
			compatibilityVersion = "Xcode 3.2";
			developmentRegion = English;
			hasScannedForEncodings = 0;
			knownRegions = (
				en,
				Base,
			);
			mainGroup = D65B521A1E811863007E1A1A;
			productRefGroup = D65B52241E811864007E1A1A /* Products */;
			projectDirPath = "";
			projectRoot = "";
			targets = (
				D65B52221E811864007E1A1A /* LargerIMG */,
			);
		};
/* End PBXProject section */

/* Begin PBXResourcesBuildPhase section */
		D65B52211E811864007E1A1A /* Resources */ = {
			isa = PBXResourcesBuildPhase;
			buildActionMask = 2147483647;
			files = (
				D65B52481E811E2D007E1A1A /* 8.png in Resources */,
				D65B52311E811866007E1A1A /* LaunchScreen.storyboard in Resources */,
				D65B52441E811E2D007E1A1A /* 4.png in Resources */,
				D65B52411E811E2D007E1A1A /* 1.png in Resources */,
				D65B52461E811E2D007E1A1A /* 6.png in Resources */,
				D65B52421E811E2D007E1A1A /* 2.png in Resources */,
				D65B52431E811E2D007E1A1A /* 3.png in Resources */,
				D65B52451E811E2D007E1A1A /* 5.png in Resources */,
				D65B52471E811E2D007E1A1A /* 7.png in Resources */,
				D65B522E1E811866007E1A1A /* Assets.xcassets in Resources */,
				D65B522C1E811865007E1A1A /* Main.storyboard in Resources */,
			);
			runOnlyForDeploymentPostprocessing = 0;
		};
/* End PBXResourcesBuildPhase section */

/* Begin PBXSourcesBuildPhase section */
		D65B521F1E811864007E1A1A /* Sources */ = {
			isa = PBXSourcesBuildPhase;
			buildActionMask = 2147483647;
			files = (
				D60CEF441E82165B00C410EA /* LargerImgViewController.swift in Sources */,
				D65B52291E811865007E1A1A /* ViewController.swift in Sources */,
				D65B52271E811864007E1A1A /* AppDelegate.swift in Sources */,
				D65B52561E812DDD007E1A1A /* ImgCollectionViewCell.swift in Sources */,
				D65B524A1E811E6E007E1A1A /* RootViewController.swift in Sources */,
				D60CEF461E82168B00C410EA /* LargerCollectionViewCell.swift in Sources */,
				D65B524E1E812373007E1A1A /* Func+Extension.swift in Sources */,
				D65B52501E812446007E1A1A /* CollectionViewController.swift in Sources */,
			);
			runOnlyForDeploymentPostprocessing = 0;
		};
/* End PBXSourcesBuildPhase section */

/* Begin PBXVariantGroup section */
		D65B522A1E811865007E1A1A /* Main.storyboard */ = {
			isa = PBXVariantGroup;
			children = (
				D65B522B1E811865007E1A1A /* Base */,
			);
			name = Main.storyboard;
			sourceTree = "<group>";
		};
		D65B522F1E811866007E1A1A /* LaunchScreen.storyboard */ = {
			isa = PBXVariantGroup;
			children = (
				D65B52301E811866007E1A1A /* Base */,
			);
			name = LaunchScreen.storyboard;
			sourceTree = "<group>";
		};
/* End PBXVariantGroup section */

/* Begin XCBuildConfiguration section */
		D65B52331E811866007E1A1A /* Debug */ = {
			isa = XCBuildConfiguration;
			buildSettings = {
				ALWAYS_SEARCH_USER_PATHS = NO;
				CLANG_ANALYZER_NONNULL = YES;
				CLANG_CXX_LANGUAGE_STANDARD = "gnu++0x";
				CLANG_CXX_LIBRARY = "libc++";
				CLANG_ENABLE_MODULES = YES;
				CLANG_ENABLE_OBJC_ARC = YES;
				CLANG_WARN_BOOL_CONVERSION = YES;
				CLANG_WARN_CONSTANT_CONVERSION = YES;
				CLANG_WARN_DIRECT_OBJC_ISA_USAGE = YES_ERROR;
				CLANG_WARN_DOCUMENTATION_COMMENTS = YES;
				CLANG_WARN_EMPTY_BODY = YES;
				CLANG_WARN_ENUM_CONVERSION = YES;
				CLANG_WARN_INFINITE_RECURSION = YES;
				CLANG_WARN_INT_CONVERSION = YES;
				CLANG_WARN_OBJC_ROOT_CLASS = YES_ERROR;
				CLANG_WARN_SUSPICIOUS_MOVE = YES;
				CLANG_WARN_UNREACHABLE_CODE = YES;
				CLANG_WARN__DUPLICATE_METHOD_MATCH = YES;
				"CODE_SIGN_IDENTITY[sdk=iphoneos*]" = "iPhone Developer";
				COPY_PHASE_STRIP = NO;
				DEBUG_INFORMATION_FORMAT = dwarf;
				ENABLE_STRICT_OBJC_MSGSEND = YES;
				ENABLE_TESTABILITY = YES;
				GCC_C_LANGUAGE_STANDARD = gnu99;
				GCC_DYNAMIC_NO_PIC = NO;
				GCC_NO_COMMON_BLOCKS = YES;
				GCC_OPTIMIZATION_LEVEL = 0;
				GCC_PREPROCESSOR_DEFINITIONS = (
					"DEBUG=1",
					"$(inherited)",
				);
				GCC_WARN_64_TO_32_BIT_CONVERSION = YES;
				GCC_WARN_ABOUT_RETURN_TYPE = YES_ERROR;
				GCC_WARN_UNDECLARED_SELECTOR = YES;
				GCC_WARN_UNINITIALIZED_AUTOS = YES_AGGRESSIVE;
				GCC_WARN_UNUSED_FUNCTION = YES;
				GCC_WARN_UNUSED_VARIABLE = YES;
				IPHONEOS_DEPLOYMENT_TARGET = 10.2;
				MTL_ENABLE_DEBUG_INFO = YES;
				ONLY_ACTIVE_ARCH = YES;
				SDKROOT = iphoneos;
				SWIFT_ACTIVE_COMPILATION_CONDITIONS = DEBUG;
				SWIFT_OPTIMIZATION_LEVEL = "-Onone";
			};
			name = Debug;
		};
		D65B52341E811866007E1A1A /* Release */ = {
			isa = XCBuildConfiguration;
			buildSettings = {
				ALWAYS_SEARCH_USER_PATHS = NO;
				CLANG_ANALYZER_NONNULL = YES;
				CLANG_CXX_LANGUAGE_STANDARD = "gnu++0x";
				CLANG_CXX_LIBRARY = "libc++";
				CLANG_ENABLE_MODULES = YES;
				CLANG_ENABLE_OBJC_ARC = YES;
				CLANG_WARN_BOOL_CONVERSION = YES;
				CLANG_WARN_CONSTANT_CONVERSION = YES;
				CLANG_WARN_DIRECT_OBJC_ISA_USAGE = YES_ERROR;
				CLANG_WARN_DOCUMENTATION_COMMENTS = YES;
				CLANG_WARN_EMPTY_BODY = YES;
				CLANG_WARN_ENUM_CONVERSION = YES;
				CLANG_WARN_INFINITE_RECURSION = YES;
				CLANG_WARN_INT_CONVERSION = YES;
				CLANG_WARN_OBJC_ROOT_CLASS = YES_ERROR;
				CLANG_WARN_SUSPICIOUS_MOVE = YES;
				CLANG_WARN_UNREACHABLE_CODE = YES;
				CLANG_WARN__DUPLICATE_METHOD_MATCH = YES;
				"CODE_SIGN_IDENTITY[sdk=iphoneos*]" = "iPhone Developer";
				COPY_PHASE_STRIP = NO;
				DEBUG_INFORMATION_FORMAT = "dwarf-with-dsym";
				ENABLE_NS_ASSERTIONS = NO;
				ENABLE_STRICT_OBJC_MSGSEND = YES;
				GCC_C_LANGUAGE_STANDARD = gnu99;
				GCC_NO_COMMON_BLOCKS = YES;
				GCC_WARN_64_TO_32_BIT_CONVERSION = YES;
				GCC_WARN_ABOUT_RETURN_TYPE = YES_ERROR;
				GCC_WARN_UNDECLARED_SELECTOR = YES;
				GCC_WARN_UNINITIALIZED_AUTOS = YES_AGGRESSIVE;
				GCC_WARN_UNUSED_FUNCTION = YES;
				GCC_WARN_UNUSED_VARIABLE = YES;
				IPHONEOS_DEPLOYMENT_TARGET = 10.2;
				MTL_ENABLE_DEBUG_INFO = NO;
				SDKROOT = iphoneos;
				SWIFT_OPTIMIZATION_LEVEL = "-Owholemodule";
				VALIDATE_PRODUCT = YES;
			};
			name = Release;
		};
		D65B52361E811866007E1A1A /* Debug */ = {
			isa = XCBuildConfiguration;
			buildSettings = {
				ASSETCATALOG_COMPILER_APPICON_NAME = AppIcon;
				DEVELOPMENT_TEAM = NP7D9SC777;
				INFOPLIST_FILE = LargerIMG/Info.plist;
				IPHONEOS_DEPLOYMENT_TARGET = 8.0;
				LD_RUNPATH_SEARCH_PATHS = "$(inherited) @executable_path/Frameworks";
				PRODUCT_BUNDLE_IDENTIFIER = com.sql.LargerIMG;
				PRODUCT_NAME = "$(TARGET_NAME)";
				SWIFT_VERSION = 3.0;
			};
			name = Debug;
		};
		D65B52371E811866007E1A1A /* Release */ = {
			isa = XCBuildConfiguration;
			buildSettings = {
				ASSETCATALOG_COMPILER_APPICON_NAME = AppIcon;
				DEVELOPMENT_TEAM = NP7D9SC777;
				INFOPLIST_FILE = LargerIMG/Info.plist;
				IPHONEOS_DEPLOYMENT_TARGET = 8.0;
				LD_RUNPATH_SEARCH_PATHS = "$(inherited) @executable_path/Frameworks";
				PRODUCT_BUNDLE_IDENTIFIER = com.sql.LargerIMG;
				PRODUCT_NAME = "$(TARGET_NAME)";
				SWIFT_VERSION = 3.0;
			};
			name = Release;
		};
/* End XCBuildConfiguration section */

/* Begin XCConfigurationList section */
		D65B521E1E811863007E1A1A /* Build configuration list for PBXProject "LargerIMG" */ = {
			isa = XCConfigurationList;
			buildConfigurations = (
				D65B52331E811866007E1A1A /* Debug */,
				D65B52341E811866007E1A1A /* Release */,
			);
			defaultConfigurationIsVisible = 0;
			defaultConfigurationName = Release;
		};
		D65B52351E811866007E1A1A /* Build configuration list for PBXNativeTarget "LargerIMG" */ = {
			isa = XCConfigurationList;
			buildConfigurations = (
				D65B52361E811866007E1A1A /* Debug */,
				D65B52371E811866007E1A1A /* Release */,
			);
			defaultConfigurationIsVisible = 0;
			defaultConfigurationName = Release;
		};
/* End XCConfigurationList section */
	};
	rootObject = D65B521B1E811863007E1A1A /* Project object */;
}
